<?xml version="1.0" encoding="utf-8"?>
<Project ToolsVersion="4.0" xmlns="http://schemas.microsoft.com/developer/msbuild/2003">
  <ItemGroup>
    <ClInclude Include="stdafx.h" />
    <ClInclude Include="Program.h" />
    <ClInclude Include="Demos\KirbyGame.h" />
    <ClInclude Include="Demos\World.h" />
    <ClInclude Include="UI\HUD.h" />
    <ClInclude Include="Demos\Level.h" />
    <ClInclude Include="KirbyCharacter.h" />
    <ClInclude Include="ReadCoordinate.h" />
    <ClInclude Include="Demos\05_CollisionDemo.h" />
    <ClInclude Include="Demos\Gravity.h" />
    <ClInclude Include="BezierCurves.h" />
    <ClInclude Include="KirbyEffect.h" />
    <ClInclude Include="Enemy.h" />
    <ClInclude Include="EnemyInfo.h" />
  </ItemGroup>
  <ItemGroup>
    <ClCompile Include="Program.cpp" />
    <ClCompile Include="Demos\KirbyGame.cpp" />
    <ClCompile Include="Demos\World.cpp" />
    <ClCompile Include="UI\HUD.cpp" />
    <ClCompile Include="Demos\Level.cpp" />
    <ClCompile Include="KirbyCharacter.cpp" />
    <ClCompile Include="ReadCoordinate.cpp" />
    <ClCompile Include="Demos\05_CollisionDemo.cpp" />
    <ClCompile Include="Demos\Gravity.cpp" />
    <ClCompile Include="BezierCurves.cpp" />
    <ClCompile Include="KirbyEffect.cpp" />
    <ClCompile Include="Enemy.cpp" />
    <ClCompile Include="EnemyInfo.cpp" />
  </ItemGroup>
</Project>